
Microsoft Visual Studio Solution File, Format Version 12.00
# Visual Studio Version 17
VisualStudioVersion = 17.11.35327.3
MinimumVisualStudioVersion = 10.0.40219.1
Project("{2150E333-8FDC-42A3-9474-1A3956D46DE8}") = "src", "src", "{D388A77B-5DB7-4307-90E9-FCCA0669AC4B}"
EndProject
Project("{2150E333-8FDC-42A3-9474-1A3956D46DE8}") = "ProjectScopus", "ProjectScopus", "{909C3706-8764-42F2-BD5C-336FBD75D94F}"
EndProject
Project("{2150E333-8FDC-42A3-9474-1A3956D46DE8}") = "Web", "Web", "{6BD2AB4E-5E35-4E86-B813-CB94AA7F5B23}"
EndProject
Project("{2150E333-8FDC-42A3-9474-1A3956D46DE8}") = "Domain", "Domain", "{F95FA167-2E13-47D1-9AE6-D4DBBAA03DD1}"
EndProject
Project("{2150E333-8FDC-42A3-9474-1A3956D46DE8}") = "ProjectNibble", "ProjectNibble", "{01A20C96-9A4F-4417-8F92-1E1D463AA6A6}"
EndProject
Project("{2150E333-8FDC-42A3-9474-1A3956D46DE8}") = "Domain", "Domain", "{DF0FC6BB-DFCC-41A9-A99D-AA97B6F5FA93}"
EndProject
Project("{2150E333-8FDC-42A3-9474-1A3956D46DE8}") = "Web", "Web", "{69A58167-2F22-4E42-BB1E-F25078FBA279}"
EndProject
Project("{9A19103F-16F7-4668-BE54-9A1E7A4F7556}") = "ProjectScopus.Domain", "src\ProjectScopus\Domain\src\ProjectScopus.Domain.csproj", "{FE35A235-B24C-4110-9495-FE7A88C51201}"
EndProject
Project("{9A19103F-16F7-4668-BE54-9A1E7A4F7556}") = "ProjectScopus.Web", "src\ProjectScopus\Web\src\ProjectScopus.Web.csproj", "{06E055ED-5DD2-451B-9857-F68702D14E8A}"
EndProject
Project("{9A19103F-16F7-4668-BE54-9A1E7A4F7556}") = "ProjectNibble.Domain", "src\ProjectNibble\Domain\src\ProjectNibble.Domain.csproj", "{C9404AF3-B7D9-4E67-9068-D579E04A5413}"
EndProject
Project("{2150E333-8FDC-42A3-9474-1A3956D46DE8}") = "test", "test", "{C5D36907-C97D-4EFA-AE51-0A4879AE8866}"
EndProject
Project("{9A19103F-16F7-4668-BE54-9A1E7A4F7556}") = "ProjectScopus.Web.Test", "src\ProjectScopus\Web\test\ProjectScopus.Web.Test.csproj", "{E48F3D62-D83A-4F51-A0BE-E16B0EA4DB16}"
EndProject
Project("{9A19103F-16F7-4668-BE54-9A1E7A4F7556}") = "ProjectNibble.Web", "src\ProjectNibble\Web\src\ProjectNibble.Web.csproj", "{A1C1E7E5-3981-4AA2-8226-99E1090419A5}"
EndProject
Global
	GlobalSection(SolutionConfigurationPlatforms) = preSolution
		Debug|Any CPU = Debug|Any CPU
		Release|Any CPU = Release|Any CPU
	EndGlobalSection
	GlobalSection(ProjectConfigurationPlatforms) = postSolution
		{FE35A235-B24C-4110-9495-FE7A88C51201}.Debug|Any CPU.ActiveCfg = Debug|Any CPU
		{FE35A235-B24C-4110-9495-FE7A88C51201}.Debug|Any CPU.Build.0 = Debug|Any CPU
		{FE35A235-B24C-4110-9495-FE7A88C51201}.Release|Any CPU.ActiveCfg = Release|Any CPU
		{FE35A235-B24C-4110-9495-FE7A88C51201}.Release|Any CPU.Build.0 = Release|Any CPU
		{06E055ED-5DD2-451B-9857-F68702D14E8A}.Debug|Any CPU.ActiveCfg = Debug|Any CPU
		{06E055ED-5DD2-451B-9857-F68702D14E8A}.Debug|Any CPU.Build.0 = Debug|Any CPU
		{06E055ED-5DD2-451B-9857-F68702D14E8A}.Release|Any CPU.ActiveCfg = Release|Any CPU
		{06E055ED-5DD2-451B-9857-F68702D14E8A}.Release|Any CPU.Build.0 = Release|Any CPU
		{C9404AF3-B7D9-4E67-9068-D579E04A5413}.Debug|Any CPU.ActiveCfg = Debug|Any CPU
		{C9404AF3-B7D9-4E67-9068-D579E04A5413}.Debug|Any CPU.Build.0 = Debug|Any CPU
		{C9404AF3-B7D9-4E67-9068-D579E04A5413}.Release|Any CPU.ActiveCfg = Release|Any CPU
		{C9404AF3-B7D9-4E67-9068-D579E04A5413}.Release|Any CPU.Build.0 = Release|Any CPU
		{E48F3D62-D83A-4F51-A0BE-E16B0EA4DB16}.Debug|Any CPU.ActiveCfg = Debug|Any CPU
		{E48F3D62-D83A-4F51-A0BE-E16B0EA4DB16}.Debug|Any CPU.Build.0 = Debug|Any CPU
		{E48F3D62-D83A-4F51-A0BE-E16B0EA4DB16}.Release|Any CPU.ActiveCfg = Release|Any CPU
		{E48F3D62-D83A-4F51-A0BE-E16B0EA4DB16}.Release|Any CPU.Build.0 = Release|Any CPU
		{A1C1E7E5-3981-4AA2-8226-99E1090419A5}.Debug|Any CPU.ActiveCfg = Debug|Any CPU
		{A1C1E7E5-3981-4AA2-8226-99E1090419A5}.Debug|Any CPU.Build.0 = Debug|Any CPU
		{A1C1E7E5-3981-4AA2-8226-99E1090419A5}.Release|Any CPU.ActiveCfg = Release|Any CPU
		{A1C1E7E5-3981-4AA2-8226-99E1090419A5}.Release|Any CPU.Build.0 = Release|Any CPU
	EndGlobalSection
	GlobalSection(SolutionProperties) = preSolution
		HideSolutionNode = FALSE
	EndGlobalSection
	GlobalSection(NestedProjects) = preSolution
		{909C3706-8764-42F2-BD5C-336FBD75D94F} = {D388A77B-5DB7-4307-90E9-FCCA0669AC4B}
		{6BD2AB4E-5E35-4E86-B813-CB94AA7F5B23} = {909C3706-8764-42F2-BD5C-336FBD75D94F}
		{F95FA167-2E13-47D1-9AE6-D4DBBAA03DD1} = {909C3706-8764-42F2-BD5C-336FBD75D94F}
		{01A20C96-9A4F-4417-8F92-1E1D463AA6A6} = {D388A77B-5DB7-4307-90E9-FCCA0669AC4B}
		{DF0FC6BB-DFCC-41A9-A99D-AA97B6F5FA93} = {01A20C96-9A4F-4417-8F92-1E1D463AA6A6}
		{69A58167-2F22-4E42-BB1E-F25078FBA279} = {01A20C96-9A4F-4417-8F92-1E1D463AA6A6}
		{FE35A235-B24C-4110-9495-FE7A88C51201} = {F95FA167-2E13-47D1-9AE6-D4DBBAA03DD1}
		{06E055ED-5DD2-451B-9857-F68702D14E8A} = {6BD2AB4E-5E35-4E86-B813-CB94AA7F5B23}
		{C9404AF3-B7D9-4E67-9068-D579E04A5413} = {DF0FC6BB-DFCC-41A9-A99D-AA97B6F5FA93}
		{C5D36907-C97D-4EFA-AE51-0A4879AE8866} = {6BD2AB4E-5E35-4E86-B813-CB94AA7F5B23}
		{E48F3D62-D83A-4F51-A0BE-E16B0EA4DB16} = {C5D36907-C97D-4EFA-AE51-0A4879AE8866}
		{A1C1E7E5-3981-4AA2-8226-99E1090419A5} = {69A58167-2F22-4E42-BB1E-F25078FBA279}
	EndGlobalSection
	GlobalSection(ExtensibilityGlobals) = postSolution
		SolutionGuid = {DA0F2134-D7B6-4D3A-8D24-21B510A31F03}
	EndGlobalSection
EndGlobal
